
Microsoft Visual Studio Solution File, Format Version 12.00
# Visual Studio 15
Project("{2150E333-8FDC-42A3-9474-1A3956D46DE8}") = "FontSizer_SampleProject", "FontSizer_SampleProject", "{7AAA31CC-6A2A-4127-841B-24F452B91FC8}"
EndProject
Project("{FAE04EC0-301F-11D3-BF4B-00C04F79EFBC}") = "FontSizer_Sample.Android", "FontSizer_Sample\FontSizer_Sample.Android\FontSizer_Sample.Android.csproj", "{1B237A84-EAE7-4799-86E5-E4F47247E006}"
EndProject
Project("{FAE04EC0-301F-11D3-BF4B-00C04F79EFBC}") = "FontSizer_Sample.iOS", "FontSizer_Sample\FontSizer_Sample.iOS\FontSizer_Sample.iOS.csproj", "{3C9B4CED-F9E1-40B6-B71B-44018DF90D60}"
EndProject
Project("{FAE04EC0-301F-11D3-BF4B-00C04F79EFBC}") = "FontSizer_Sample", "FontSizer_Sample\FontSizer_Sample\FontSizer_Sample.csproj", "{D7340544-EC33-4B64-8518-CC7CC5BBD8DC}"
EndProject
Project("{FAE04EC0-301F-11D3-BF4B-00C04F79EFBC}") = "Xamarin-Label-FontSizer", "Xamarin-Label_FontSizer\Xamarin-Label-FontSizer.csproj", "{AD1573C2-F330-4961-8F7B-7FFCBA964532}"
EndProject
Global
	GlobalSection(SolutionConfigurationPlatforms) = preSolution
		Debug|Any CPU = Debug|Any CPU
		Release|Any CPU = Release|Any CPU
		Debug|iPhoneSimulator = Debug|iPhoneSimulator
		Release|iPhoneSimulator = Release|iPhoneSimulator
		Debug|iPhone = Debug|iPhone
		Release|iPhone = Release|iPhone
	EndGlobalSection
	GlobalSection(ProjectConfigurationPlatforms) = postSolution
		{1B237A84-EAE7-4799-86E5-E4F47247E006}.Debug|Any CPU.ActiveCfg = Debug|Any CPU
		{1B237A84-EAE7-4799-86E5-E4F47247E006}.Debug|Any CPU.Build.0 = Debug|Any CPU
		{1B237A84-EAE7-4799-86E5-E4F47247E006}.Release|Any CPU.ActiveCfg = Release|Any CPU
		{1B237A84-EAE7-4799-86E5-E4F47247E006}.Release|Any CPU.Build.0 = Release|Any CPU
		{1B237A84-EAE7-4799-86E5-E4F47247E006}.Debug|iPhoneSimulator.ActiveCfg = Debug|Any CPU
		{1B237A84-EAE7-4799-86E5-E4F47247E006}.Debug|iPhoneSimulator.Build.0 = Debug|Any CPU
		{1B237A84-EAE7-4799-86E5-E4F47247E006}.Release|iPhoneSimulator.ActiveCfg = Release|Any CPU
		{1B237A84-EAE7-4799-86E5-E4F47247E006}.Release|iPhoneSimulator.Build.0 = Release|Any CPU
		{1B237A84-EAE7-4799-86E5-E4F47247E006}.Debug|iPhone.ActiveCfg = Debug|Any CPU
		{1B237A84-EAE7-4799-86E5-E4F47247E006}.Debug|iPhone.Build.0 = Debug|Any CPU
		{1B237A84-EAE7-4799-86E5-E4F47247E006}.Release|iPhone.ActiveCfg = Release|Any CPU
		{1B237A84-EAE7-4799-86E5-E4F47247E006}.Release|iPhone.Build.0 = Release|Any CPU
		{3C9B4CED-F9E1-40B6-B71B-44018DF90D60}.Debug|Any CPU.ActiveCfg = Debug|iPhoneSimulator
		{3C9B4CED-F9E1-40B6-B71B-44018DF90D60}.Debug|Any CPU.Build.0 = Debug|iPhoneSimulator
		{3C9B4CED-F9E1-40B6-B71B-44018DF90D60}.Release|Any CPU.ActiveCfg = Release|iPhoneSimulator
		{3C9B4CED-F9E1-40B6-B71B-44018DF90D60}.Release|Any CPU.Build.0 = Release|iPhoneSimulator
		{3C9B4CED-F9E1-40B6-B71B-44018DF90D60}.Debug|iPhoneSimulator.ActiveCfg = Debug|iPhoneSimulator
		{3C9B4CED-F9E1-40B6-B71B-44018DF90D60}.Debug|iPhoneSimulator.Build.0 = Debug|iPhoneSimulator
		{3C9B4CED-F9E1-40B6-B71B-44018DF90D60}.Release|iPhoneSimulator.ActiveCfg = Release|iPhoneSimulator
		{3C9B4CED-F9E1-40B6-B71B-44018DF90D60}.Release|iPhoneSimulator.Build.0 = Release|iPhoneSimulator
		{3C9B4CED-F9E1-40B6-B71B-44018DF90D60}.Debug|iPhone.ActiveCfg = Debug|iPhone
		{3C9B4CED-F9E1-40B6-B71B-44018DF90D60}.Debug|iPhone.Build.0 = Debug|iPhone
		{3C9B4CED-F9E1-40B6-B71B-44018DF90D60}.Release|iPhone.ActiveCfg = Release|iPhone
		{3C9B4CED-F9E1-40B6-B71B-44018DF90D60}.Release|iPhone.Build.0 = Release|iPhone
		{D7340544-EC33-4B64-8518-CC7CC5BBD8DC}.Debug|Any CPU.ActiveCfg = Debug|Any CPU
		{D7340544-EC33-4B64-8518-CC7CC5BBD8DC}.Debug|Any CPU.Build.0 = Debug|Any CPU
		{D7340544-EC33-4B64-8518-CC7CC5BBD8DC}.Release|Any CPU.ActiveCfg = Release|Any CPU
		{D7340544-EC33-4B64-8518-CC7CC5BBD8DC}.Release|Any CPU.Build.0 = Release|Any CPU
		{D7340544-EC33-4B64-8518-CC7CC5BBD8DC}.Debug|iPhoneSimulator.ActiveCfg = Debug|Any CPU
		{D7340544-EC33-4B64-8518-CC7CC5BBD8DC}.Debug|iPhoneSimulator.Build.0 = Debug|Any CPU
		{D7340544-EC33-4B64-8518-CC7CC5BBD8DC}.Release|iPhoneSimulator.ActiveCfg = Release|Any CPU
		{D7340544-EC33-4B64-8518-CC7CC5BBD8DC}.Release|iPhoneSimulator.Build.0 = Release|Any CPU
		{D7340544-EC33-4B64-8518-CC7CC5BBD8DC}.Debug|iPhone.ActiveCfg = Debug|Any CPU
		{D7340544-EC33-4B64-8518-CC7CC5BBD8DC}.Debug|iPhone.Build.0 = Debug|Any CPU
		{D7340544-EC33-4B64-8518-CC7CC5BBD8DC}.Release|iPhone.ActiveCfg = Release|Any CPU
		{D7340544-EC33-4B64-8518-CC7CC5BBD8DC}.Release|iPhone.Build.0 = Release|Any CPU
		{AD1573C2-F330-4961-8F7B-7FFCBA964532}.Debug|Any CPU.ActiveCfg = Debug|Any CPU
		{AD1573C2-F330-4961-8F7B-7FFCBA964532}.Debug|Any CPU.Build.0 = Debug|Any CPU
		{AD1573C2-F330-4961-8F7B-7FFCBA964532}.Release|Any CPU.ActiveCfg = Release|Any CPU
		{AD1573C2-F330-4961-8F7B-7FFCBA964532}.Release|Any CPU.Build.0 = Release|Any CPU
		{AD1573C2-F330-4961-8F7B-7FFCBA964532}.Debug|iPhoneSimulator.ActiveCfg = Debug|Any CPU
		{AD1573C2-F330-4961-8F7B-7FFCBA964532}.Debug|iPhoneSimulator.Build.0 = Debug|Any CPU
		{AD1573C2-F330-4961-8F7B-7FFCBA964532}.Release|iPhoneSimulator.ActiveCfg = Release|Any CPU
		{AD1573C2-F330-4961-8F7B-7FFCBA964532}.Release|iPhoneSimulator.Build.0 = Release|Any CPU
		{AD1573C2-F330-4961-8F7B-7FFCBA964532}.Debug|iPhone.ActiveCfg = Debug|Any CPU
		{AD1573C2-F330-4961-8F7B-7FFCBA964532}.Debug|iPhone.Build.0 = Debug|Any CPU
		{AD1573C2-F330-4961-8F7B-7FFCBA964532}.Release|iPhone.ActiveCfg = Release|Any CPU
		{AD1573C2-F330-4961-8F7B-7FFCBA964532}.Release|iPhone.Build.0 = Release|Any CPU
	EndGlobalSection
	GlobalSection(NestedProjects) = preSolution
		{1B237A84-EAE7-4799-86E5-E4F47247E006} = {7AAA31CC-6A2A-4127-841B-24F452B91FC8}
		{3C9B4CED-F9E1-40B6-B71B-44018DF90D60} = {7AAA31CC-6A2A-4127-841B-24F452B91FC8}
		{D7340544-EC33-4B64-8518-CC7CC5BBD8DC} = {7AAA31CC-6A2A-4127-841B-24F452B91FC8}
	EndGlobalSection
EndGlobal
