
Microsoft Visual Studio Solution File, Format Version 12.00
# Visual Studio 15
Project("{FAE04EC0-301F-11D3-BF4B-00C04F79EFBC}") = "Xamarin-Label-FontSizer", "Xamarin-Label-FontAutoSize\Xamarin-Label-FontSizer.csproj", "{A5163186-6729-4610-AD63-A92114FA388E}"
EndProject
Global
	GlobalSection(SolutionConfigurationPlatforms) = preSolution
		Debug|Any CPU = Debug|Any CPU
		Release|Any CPU = Release|Any CPU
	EndGlobalSection
	GlobalSection(ProjectConfigurationPlatforms) = postSolution
		{A5163186-6729-4610-AD63-A92114FA388E}.Debug|Any CPU.ActiveCfg = Debug|Any CPU
		{A5163186-6729-4610-AD63-A92114FA388E}.Debug|Any CPU.Build.0 = Debug|Any CPU
		{A5163186-6729-4610-AD63-A92114FA388E}.Release|Any CPU.ActiveCfg = Release|Any CPU
		{A5163186-6729-4610-AD63-A92114FA388E}.Release|Any CPU.Build.0 = Release|Any CPU
	EndGlobalSection
EndGlobal
